
Microsoft Visual Studio Solution File, Format Version 12.00
# Visual Studio Version 17
VisualStudioVersion = 17.5.002.0
MinimumVisualStudioVersion = 10.0.40219.1
Project("{9A19103F-16F7-4668-BE54-9A1E7A4F7556}") = "MDT", "MDT\MDT.csproj", "{F9CCAD6A-622D-43F5-A82F-05FFC009E431}"
EndProject
Project("{2150E333-8FDC-42A3-9474-1A3956D46DE8}") = "MDT", "MDT", "{5B19E484-7FCF-481F-91CE-3EAB146E6436}"
EndProject
Project("{FAE04EC0-301F-11D3-BF4B-00C04F79EFBC}") = "tests", "MDT\tests\tests.csproj", "{36C6FC93-C656-461C-B66B-61EFE2A5EDFC}"
EndProject
Global
	GlobalSection(SolutionConfigurationPlatforms) = preSolution
		Debug|Any CPU = Debug|Any CPU
		Release|Any CPU = Release|Any CPU
	EndGlobalSection
	GlobalSection(ProjectConfigurationPlatforms) = postSolution
		{F9CCAD6A-622D-43F5-A82F-05FFC009E431}.Debug|Any CPU.ActiveCfg = Debug|Any CPU
		{F9CCAD6A-622D-43F5-A82F-05FFC009E431}.Debug|Any CPU.Build.0 = Debug|Any CPU
		{F9CCAD6A-622D-43F5-A82F-05FFC009E431}.Release|Any CPU.ActiveCfg = Release|Any CPU
		{F9CCAD6A-622D-43F5-A82F-05FFC009E431}.Release|Any CPU.Build.0 = Release|Any CPU
		{36C6FC93-C656-461C-B66B-61EFE2A5EDFC}.Debug|Any CPU.ActiveCfg = Debug|Any CPU
		{36C6FC93-C656-461C-B66B-61EFE2A5EDFC}.Debug|Any CPU.Build.0 = Debug|Any CPU
		{36C6FC93-C656-461C-B66B-61EFE2A5EDFC}.Release|Any CPU.ActiveCfg = Release|Any CPU
		{36C6FC93-C656-461C-B66B-61EFE2A5EDFC}.Release|Any CPU.Build.0 = Release|Any CPU
	EndGlobalSection
	GlobalSection(SolutionProperties) = preSolution
		HideSolutionNode = FALSE
	EndGlobalSection
	GlobalSection(ExtensibilityGlobals) = postSolution
		SolutionGuid = {7001D79E-A8E4-4EDF-980F-96C9A16FFF21}
	EndGlobalSection
	GlobalSection(NestedProjects) = preSolution
		{F9CCAD6A-622D-43F5-A82F-05FFC009E431} = {5B19E484-7FCF-481F-91CE-3EAB146E6436}
		{36C6FC93-C656-461C-B66B-61EFE2A5EDFC} = {5B19E484-7FCF-481F-91CE-3EAB146E6436}
	EndGlobalSection
EndGlobal
